// !$*UTF8*$!
{
	archiveVersion = 1;
	classes = {
	};
	objectVersion = 46;
	objects = {

/* Begin PBXBuildFile section */
		9C64A9B71CA382B8001DE397 /* libUMessage_Sdk_1.2.6.a in Frameworks */ = {isa = PBXBuildFile; fileRef = 9C64A9B61CA382B8001DE397 /* libUMessage_Sdk_1.2.6.a */; };
		D06C01241C5B0A9300D242B1 /* FinishedController.m in Sources */ = {isa = PBXBuildFile; fileRef = D06C01231C5B0A9300D242B1 /* FinishedController.m */; };
		D06C01271C5B0CB300D242B1 /* FinishTaskCell.m in Sources */ = {isa = PBXBuildFile; fileRef = D06C01261C5B0CB300D242B1 /* FinishTaskCell.m */; };
		D06C012A1C5B136500D242B1 /* MenuItemCell.m in Sources */ = {isa = PBXBuildFile; fileRef = D06C01291C5B136500D242B1 /* MenuItemCell.m */; };
		D06C012D1C5B137200D242B1 /* MenuSectionCell.m in Sources */ = {isa = PBXBuildFile; fileRef = D06C012C1C5B137200D242B1 /* MenuSectionCell.m */; };
		D06C01301C5B138300D242B1 /* MenuOrderController.m in Sources */ = {isa = PBXBuildFile; fileRef = D06C012F1C5B138300D242B1 /* MenuOrderController.m */; };
		D0CC73111C59B8E000314355 /* main.m in Sources */ = {isa = PBXBuildFile; fileRef = D0CC73101C59B8E000314355 /* main.m */; };
		D0CC73141C59B8E000314355 /* AppDelegate.m in Sources */ = {isa = PBXBuildFile; fileRef = D0CC73131C59B8E000314355 /* AppDelegate.m */; };
		D0CC731A1C59B8E000314355 /* Main.storyboard in Resources */ = {isa = PBXBuildFile; fileRef = D0CC73181C59B8E000314355 /* Main.storyboard */; };
		D0CC731F1C59B8E000314355 /* Assets.xcassets in Resources */ = {isa = PBXBuildFile; fileRef = D0CC731E1C59B8E000314355 /* Assets.xcassets */; };
		D0CC73221C59B8E000314355 /* LaunchScreen.storyboard in Resources */ = {isa = PBXBuildFile; fileRef = D0CC73201C59B8E000314355 /* LaunchScreen.storyboard */; };
		D0CC732C1C59C03800314355 /* MainViewController.m in Sources */ = {isa = PBXBuildFile; fileRef = D0CC732B1C59C03800314355 /* MainViewController.m */; };
		D0CC732F1C59C0DD00314355 /* LoginViewController.m in Sources */ = {isa = PBXBuildFile; fileRef = D0CC732E1C59C0DD00314355 /* LoginViewController.m */; };
		D0CC733F1C59EB0F00314355 /* TaskCell.m in Sources */ = {isa = PBXBuildFile; fileRef = D0CC733E1C59EB0F00314355 /* TaskCell.m */; };
		D0CC73451C5A02DA00314355 /* InTaskController.m in Sources */ = {isa = PBXBuildFile; fileRef = D0CC73441C5A02DA00314355 /* InTaskController.m */; };
		F8234FC71C7AED88006A60FA /* DataManager+User.m in Sources */ = {isa = PBXBuildFile; fileRef = F8234FC61C7AED88006A60FA /* DataManager+User.m */; };
		F84361FE1C7C467A00320DE2 /* GCDAsyncUdpSocket.m in Sources */ = {isa = PBXBuildFile; fileRef = F84361F91C7C467A00320DE2 /* GCDAsyncUdpSocket.m */; };
		F843621F1C7C626B00320DE2 /* DBMessage.m in Sources */ = {isa = PBXBuildFile; fileRef = F84362141C7C626B00320DE2 /* DBMessage.m */; };
		F84362201C7C626B00320DE2 /* DBMessage+CoreDataProperties.m in Sources */ = {isa = PBXBuildFile; fileRef = F84362161C7C626B00320DE2 /* DBMessage+CoreDataProperties.m */; };
		F84362211C7C626B00320DE2 /* DBTaskList.m in Sources */ = {isa = PBXBuildFile; fileRef = F84362181C7C626B00320DE2 /* DBTaskList.m */; };
		F84362221C7C626B00320DE2 /* DBTaskList+CoreDataProperties.m in Sources */ = {isa = PBXBuildFile; fileRef = F843621A1C7C626B00320DE2 /* DBTaskList+CoreDataProperties.m */; };
		F84362231C7C626B00320DE2 /* DBWaiterInfor.m in Sources */ = {isa = PBXBuildFile; fileRef = F843621C1C7C626B00320DE2 /* DBWaiterInfor.m */; };
		F84362241C7C626B00320DE2 /* DBWaiterInfor+CoreDataProperties.m in Sources */ = {isa = PBXBuildFile; fileRef = F843621E1C7C626B00320DE2 /* DBWaiterInfor+CoreDataProperties.m */; };
		F89B75D81C76E23700757096 /* SPUserDefaultsManger.m in Sources */ = {isa = PBXBuildFile; fileRef = F89B75D71C76E23700757096 /* SPUserDefaultsManger.m */; };
		F89B76121C77024800757096 /* NSDictionary+AllKeytoLowerCase.m in Sources */ = {isa = PBXBuildFile; fileRef = F89B76111C77024800757096 /* NSDictionary+AllKeytoLowerCase.m */; settings = {COMPILER_FLAGS = "-fno-objc-arc"; }; };
		F89B76161C77051B00757096 /* Parser.m in Sources */ = {isa = PBXBuildFile; fileRef = F89B76151C77051B00757096 /* Parser.m */; };
		F89B76191C77057900757096 /* DataManager.m in Sources */ = {isa = PBXBuildFile; fileRef = F89B76181C77057900757096 /* DataManager.m */; };
		F89B761C1C7705C900757096 /* NetWorkHelp.m in Sources */ = {isa = PBXBuildFile; fileRef = F89B761B1C7705C900757096 /* NetWorkHelp.m */; };
		F89B761F1C7706A700757096 /* LCProgressHUD.m in Sources */ = {isa = PBXBuildFile; fileRef = F89B761E1C7706A700757096 /* LCProgressHUD.m */; };
		F89B76261C770AAA00757096 /* AVFoundation.framework in Frameworks */ = {isa = PBXBuildFile; fileRef = F89B76251C770AAA00757096 /* AVFoundation.framework */; };
		F89B76281C770ADA00757096 /* UIKit.framework in Frameworks */ = {isa = PBXBuildFile; fileRef = F89B76271C770ADA00757096 /* UIKit.framework */; };
		F89B76301C77138700757096 /* CFNetwork.framework in Frameworks */ = {isa = PBXBuildFile; fileRef = F89B762F1C77138700757096 /* CFNetwork.framework */; };
		F89B765A1C77177200757096 /* Security.framework in Frameworks */ = {isa = PBXBuildFile; fileRef = F89B76591C77177200757096 /* Security.framework */; };
		F89B76641C7717E300757096 /* libz.1.2.5.tbd in Frameworks */ = {isa = PBXBuildFile; fileRef = F89B76631C7717E300757096 /* libz.1.2.5.tbd */; };
		F89B76731C771B0A00757096 /* Util.m in Sources */ = {isa = PBXBuildFile; fileRef = F89B76711C771B0A00757096 /* Util.m */; };
		F89B76791C771D9100757096 /* MySingleton.m in Sources */ = {isa = PBXBuildFile; fileRef = F89B76781C771D9100757096 /* MySingleton.m */; };
		FC1922741CA0D44000A941AE /* AFHTTPSessionManager.m in Sources */ = {isa = PBXBuildFile; fileRef = FC1922681CA0D44000A941AE /* AFHTTPSessionManager.m */; };
		FC1922751CA0D44000A941AE /* AFNetworkReachabilityManager.m in Sources */ = {isa = PBXBuildFile; fileRef = FC19226B1CA0D44000A941AE /* AFNetworkReachabilityManager.m */; };
		FC1922761CA0D44000A941AE /* AFSecurityPolicy.m in Sources */ = {isa = PBXBuildFile; fileRef = FC19226D1CA0D44000A941AE /* AFSecurityPolicy.m */; };
		FC1922771CA0D44000A941AE /* AFURLRequestSerialization.m in Sources */ = {isa = PBXBuildFile; fileRef = FC19226F1CA0D44000A941AE /* AFURLRequestSerialization.m */; };
		FC1922781CA0D44000A941AE /* AFURLResponseSerialization.m in Sources */ = {isa = PBXBuildFile; fileRef = FC1922711CA0D44000A941AE /* AFURLResponseSerialization.m */; };
		FC1922791CA0D44000A941AE /* AFURLSessionManager.m in Sources */ = {isa = PBXBuildFile; fileRef = FC1922731CA0D44000A941AE /* AFURLSessionManager.m */; };
		FC1922801CA0DBC100A941AE /* mgservice.xcdatamodeld in Sources */ = {isa = PBXBuildFile; fileRef = FC19227E1CA0DBC100A941AE /* mgservice.xcdatamodeld */; };
		FC1922841CA10BDE00A941AE /* RequestNetWork.m in Sources */ = {isa = PBXBuildFile; fileRef = FC1922831CA10BDE00A941AE /* RequestNetWork.m */; };
		FC1922871CA10FBF00A941AE /* BaseNetWorkViewController.m in Sources */ = {isa = PBXBuildFile; fileRef = FC1922861CA10FBF00A941AE /* BaseNetWorkViewController.m */; };
		FC1A1D0F1C9FA16400D851A7 /* YWNetWork.m in Sources */ = {isa = PBXBuildFile; fileRef = FC1A1D0E1C9FA16400D851A7 /* YWNetWork.m */; };
		FC1A1D151C9FBE7A00D851A7 /* Reachability.m in Sources */ = {isa = PBXBuildFile; fileRef = FC1A1D141C9FBE7A00D851A7 /* Reachability.m */; };
/* End PBXBuildFile section */

/* Begin PBXFileReference section */
		9C64A9B61CA382B8001DE397 /* libUMessage_Sdk_1.2.6.a */ = {isa = PBXFileReference; lastKnownFileType = archive.ar; path = libUMessage_Sdk_1.2.6.a; sourceTree = "<group>"; };
		9C64A9B81CA382C6001DE397 /* UMessage.h */ = {isa = PBXFileReference; lastKnownFileType = sourcecode.c.h; path = UMessage.h; sourceTree = "<group>"; };
		D06C01221C5B0A9300D242B1 /* FinishedController.h */ = {isa = PBXFileReference; fileEncoding = 4; lastKnownFileType = sourcecode.c.h; path = FinishedController.h; sourceTree = "<group>"; };
		D06C01231C5B0A9300D242B1 /* FinishedController.m */ = {isa = PBXFileReference; fileEncoding = 4; lastKnownFileType = sourcecode.c.objc; path = FinishedController.m; sourceTree = "<group>"; };
		D06C01251C5B0CB300D242B1 /* FinishTaskCell.h */ = {isa = PBXFileReference; fileEncoding = 4; lastKnownFileType = sourcecode.c.h; path = FinishTaskCell.h; sourceTree = "<group>"; };
		D06C01261C5B0CB300D242B1 /* FinishTaskCell.m */ = {isa = PBXFileReference; fileEncoding = 4; lastKnownFileType = sourcecode.c.objc; path = FinishTaskCell.m; sourceTree = "<group>"; };
		D06C01281C5B136500D242B1 /* MenuItemCell.h */ = {isa = PBXFileReference; fileEncoding = 4; lastKnownFileType = sourcecode.c.h; path = MenuItemCell.h; sourceTree = "<group>"; };
		D06C01291C5B136500D242B1 /* MenuItemCell.m */ = {isa = PBXFileReference; fileEncoding = 4; lastKnownFileType = sourcecode.c.objc; path = MenuItemCell.m; sourceTree = "<group>"; };
		D06C012B1C5B137200D242B1 /* MenuSectionCell.h */ = {isa = PBXFileReference; fileEncoding = 4; lastKnownFileType = sourcecode.c.h; path = MenuSectionCell.h; sourceTree = "<group>"; };
		D06C012C1C5B137200D242B1 /* MenuSectionCell.m */ = {isa = PBXFileReference; fileEncoding = 4; lastKnownFileType = sourcecode.c.objc; path = MenuSectionCell.m; sourceTree = "<group>"; };
		D06C012E1C5B138300D242B1 /* MenuOrderController.h */ = {isa = PBXFileReference; fileEncoding = 4; lastKnownFileType = sourcecode.c.h; path = MenuOrderController.h; sourceTree = "<group>"; };
		D06C012F1C5B138300D242B1 /* MenuOrderController.m */ = {isa = PBXFileReference; fileEncoding = 4; lastKnownFileType = sourcecode.c.objc; path = MenuOrderController.m; sourceTree = "<group>"; };
		D0CC730C1C59B8E000314355 /* mgservice.app */ = {isa = PBXFileReference; explicitFileType = wrapper.application; includeInIndex = 0; path = mgservice.app; sourceTree = BUILT_PRODUCTS_DIR; };
		D0CC73101C59B8E000314355 /* main.m */ = {isa = PBXFileReference; lastKnownFileType = sourcecode.c.objc; path = main.m; sourceTree = "<group>"; };
		D0CC73121C59B8E000314355 /* AppDelegate.h */ = {isa = PBXFileReference; lastKnownFileType = sourcecode.c.h; path = AppDelegate.h; sourceTree = "<group>"; };
		D0CC73131C59B8E000314355 /* AppDelegate.m */ = {isa = PBXFileReference; lastKnownFileType = sourcecode.c.objc; path = AppDelegate.m; sourceTree = "<group>"; };
		D0CC73191C59B8E000314355 /* Base */ = {isa = PBXFileReference; lastKnownFileType = file.storyboard; name = Base; path = Base.lproj/Main.storyboard; sourceTree = "<group>"; };
		D0CC731E1C59B8E000314355 /* Assets.xcassets */ = {isa = PBXFileReference; lastKnownFileType = folder.assetcatalog; path = Assets.xcassets; sourceTree = "<group>"; };
		D0CC73211C59B8E000314355 /* Base */ = {isa = PBXFileReference; lastKnownFileType = file.storyboard; name = Base; path = Base.lproj/LaunchScreen.storyboard; sourceTree = "<group>"; };
		D0CC73231C59B8E000314355 /* Info.plist */ = {isa = PBXFileReference; lastKnownFileType = text.plist.xml; path = Info.plist; sourceTree = "<group>"; };
		D0CC732A1C59C03800314355 /* MainViewController.h */ = {isa = PBXFileReference; fileEncoding = 4; lastKnownFileType = sourcecode.c.h; path = MainViewController.h; sourceTree = "<group>"; };
		D0CC732B1C59C03800314355 /* MainViewController.m */ = {isa = PBXFileReference; fileEncoding = 4; lastKnownFileType = sourcecode.c.objc; path = MainViewController.m; sourceTree = "<group>"; };
		D0CC732D1C59C0DD00314355 /* LoginViewController.h */ = {isa = PBXFileReference; fileEncoding = 4; lastKnownFileType = sourcecode.c.h; path = LoginViewController.h; sourceTree = "<group>"; };
		D0CC732E1C59C0DD00314355 /* LoginViewController.m */ = {isa = PBXFileReference; fileEncoding = 4; lastKnownFileType = sourcecode.c.objc; path = LoginViewController.m; sourceTree = "<group>"; };
		D0CC733D1C59EB0F00314355 /* TaskCell.h */ = {isa = PBXFileReference; fileEncoding = 4; lastKnownFileType = sourcecode.c.h; path = TaskCell.h; sourceTree = "<group>"; };
		D0CC733E1C59EB0F00314355 /* TaskCell.m */ = {isa = PBXFileReference; fileEncoding = 4; lastKnownFileType = sourcecode.c.objc; path = TaskCell.m; sourceTree = "<group>"; };
		D0CC73431C5A02DA00314355 /* InTaskController.h */ = {isa = PBXFileReference; fileEncoding = 4; lastKnownFileType = sourcecode.c.h; path = InTaskController.h; sourceTree = "<group>"; };
		D0CC73441C5A02DA00314355 /* InTaskController.m */ = {isa = PBXFileReference; fileEncoding = 4; lastKnownFileType = sourcecode.c.objc; path = InTaskController.m; sourceTree = "<group>"; };
		F8234FC51C7AED88006A60FA /* DataManager+User.h */ = {isa = PBXFileReference; fileEncoding = 4; lastKnownFileType = sourcecode.c.h; path = "DataManager+User.h"; sourceTree = "<group>"; };
		F8234FC61C7AED88006A60FA /* DataManager+User.m */ = {isa = PBXFileReference; fileEncoding = 4; lastKnownFileType = sourcecode.c.objc; path = "DataManager+User.m"; sourceTree = "<group>"; };
		F84361F81C7C467A00320DE2 /* GCDAsyncUdpSocket.h */ = {isa = PBXFileReference; fileEncoding = 4; lastKnownFileType = sourcecode.c.h; path = GCDAsyncUdpSocket.h; sourceTree = "<group>"; };
		F84361F91C7C467A00320DE2 /* GCDAsyncUdpSocket.m */ = {isa = PBXFileReference; fileEncoding = 4; lastKnownFileType = sourcecode.c.objc; path = GCDAsyncUdpSocket.m; sourceTree = "<group>"; };
		F84362131C7C626B00320DE2 /* DBMessage.h */ = {isa = PBXFileReference; fileEncoding = 4; lastKnownFileType = sourcecode.c.h; path = DBMessage.h; sourceTree = "<group>"; };
		F84362141C7C626B00320DE2 /* DBMessage.m */ = {isa = PBXFileReference; fileEncoding = 4; lastKnownFileType = sourcecode.c.objc; path = DBMessage.m; sourceTree = "<group>"; };
		F84362151C7C626B00320DE2 /* DBMessage+CoreDataProperties.h */ = {isa = PBXFileReference; fileEncoding = 4; lastKnownFileType = sourcecode.c.h; path = "DBMessage+CoreDataProperties.h"; sourceTree = "<group>"; };
		F84362161C7C626B00320DE2 /* DBMessage+CoreDataProperties.m */ = {isa = PBXFileReference; fileEncoding = 4; lastKnownFileType = sourcecode.c.objc; path = "DBMessage+CoreDataProperties.m"; sourceTree = "<group>"; };
		F84362171C7C626B00320DE2 /* DBTaskList.h */ = {isa = PBXFileReference; fileEncoding = 4; lastKnownFileType = sourcecode.c.h; path = DBTaskList.h; sourceTree = "<group>"; };
		F84362181C7C626B00320DE2 /* DBTaskList.m */ = {isa = PBXFileReference; fileEncoding = 4; lastKnownFileType = sourcecode.c.objc; path = DBTaskList.m; sourceTree = "<group>"; };
		F84362191C7C626B00320DE2 /* DBTaskList+CoreDataProperties.h */ = {isa = PBXFileReference; fileEncoding = 4; lastKnownFileType = sourcecode.c.h; path = "DBTaskList+CoreDataProperties.h"; sourceTree = "<group>"; };
		F843621A1C7C626B00320DE2 /* DBTaskList+CoreDataProperties.m */ = {isa = PBXFileReference; fileEncoding = 4; lastKnownFileType = sourcecode.c.objc; path = "DBTaskList+CoreDataProperties.m"; sourceTree = "<group>"; };
		F843621B1C7C626B00320DE2 /* DBWaiterInfor.h */ = {isa = PBXFileReference; fileEncoding = 4; lastKnownFileType = sourcecode.c.h; path = DBWaiterInfor.h; sourceTree = "<group>"; };
		F843621C1C7C626B00320DE2 /* DBWaiterInfor.m */ = {isa = PBXFileReference; fileEncoding = 4; lastKnownFileType = sourcecode.c.objc; path = DBWaiterInfor.m; sourceTree = "<group>"; };
		F843621D1C7C626B00320DE2 /* DBWaiterInfor+CoreDataProperties.h */ = {isa = PBXFileReference; fileEncoding = 4; lastKnownFileType = sourcecode.c.h; path = "DBWaiterInfor+CoreDataProperties.h"; sourceTree = "<group>"; };
		F843621E1C7C626B00320DE2 /* DBWaiterInfor+CoreDataProperties.m */ = {isa = PBXFileReference; fileEncoding = 4; lastKnownFileType = sourcecode.c.objc; path = "DBWaiterInfor+CoreDataProperties.m"; sourceTree = "<group>"; };
		F89B75D61C76E23700757096 /* SPUserDefaultsManger.h */ = {isa = PBXFileReference; fileEncoding = 4; lastKnownFileType = sourcecode.c.h; path = SPUserDefaultsManger.h; sourceTree = "<group>"; };
		F89B75D71C76E23700757096 /* SPUserDefaultsManger.m */ = {isa = PBXFileReference; fileEncoding = 4; lastKnownFileType = sourcecode.c.objc; path = SPUserDefaultsManger.m; sourceTree = "<group>"; };
		F89B76101C77024800757096 /* NSDictionary+AllKeytoLowerCase.h */ = {isa = PBXFileReference; fileEncoding = 4; lastKnownFileType = sourcecode.c.h; path = "NSDictionary+AllKeytoLowerCase.h"; sourceTree = "<group>"; };
		F89B76111C77024800757096 /* NSDictionary+AllKeytoLowerCase.m */ = {isa = PBXFileReference; fileEncoding = 4; lastKnownFileType = sourcecode.c.objc; path = "NSDictionary+AllKeytoLowerCase.m"; sourceTree = "<group>"; };
		F89B76141C77051B00757096 /* Parser.h */ = {isa = PBXFileReference; fileEncoding = 4; lastKnownFileType = sourcecode.c.h; path = Parser.h; sourceTree = "<group>"; };
		F89B76151C77051B00757096 /* Parser.m */ = {isa = PBXFileReference; fileEncoding = 4; lastKnownFileType = sourcecode.c.objc; path = Parser.m; sourceTree = "<group>"; };
		F89B76171C77057900757096 /* DataManager.h */ = {isa = PBXFileReference; fileEncoding = 4; lastKnownFileType = sourcecode.c.h; path = DataManager.h; sourceTree = "<group>"; };
		F89B76181C77057900757096 /* DataManager.m */ = {isa = PBXFileReference; fileEncoding = 4; lastKnownFileType = sourcecode.c.objc; path = DataManager.m; sourceTree = "<group>"; };
		F89B761A1C7705C900757096 /* NetWorkHelp.h */ = {isa = PBXFileReference; fileEncoding = 4; lastKnownFileType = sourcecode.c.h; path = NetWorkHelp.h; sourceTree = "<group>"; };
		F89B761B1C7705C900757096 /* NetWorkHelp.m */ = {isa = PBXFileReference; fileEncoding = 4; lastKnownFileType = sourcecode.c.objc; path = NetWorkHelp.m; sourceTree = "<group>"; };
		F89B761D1C7706A700757096 /* LCProgressHUD.h */ = {isa = PBXFileReference; fileEncoding = 4; lastKnownFileType = sourcecode.c.h; path = LCProgressHUD.h; sourceTree = "<group>"; };
		F89B761E1C7706A700757096 /* LCProgressHUD.m */ = {isa = PBXFileReference; fileEncoding = 4; lastKnownFileType = sourcecode.c.objc; path = LCProgressHUD.m; sourceTree = "<group>"; };
		F89B76201C7707AC00757096 /* CommonPrefix.pch */ = {isa = PBXFileReference; lastKnownFileType = sourcecode.c.h; path = CommonPrefix.pch; sourceTree = "<group>"; };
		F89B76251C770AAA00757096 /* AVFoundation.framework */ = {isa = PBXFileReference; lastKnownFileType = wrapper.framework; name = AVFoundation.framework; path = System/Library/Frameworks/AVFoundation.framework; sourceTree = SDKROOT; };
		F89B76271C770ADA00757096 /* UIKit.framework */ = {isa = PBXFileReference; lastKnownFileType = wrapper.framework; name = UIKit.framework; path = System/Library/Frameworks/UIKit.framework; sourceTree = SDKROOT; };
		F89B762F1C77138700757096 /* CFNetwork.framework */ = {isa = PBXFileReference; lastKnownFileType = wrapper.framework; name = CFNetwork.framework; path = System/Library/Frameworks/CFNetwork.framework; sourceTree = SDKROOT; };
		F89B76591C77177200757096 /* Security.framework */ = {isa = PBXFileReference; lastKnownFileType = wrapper.framework; name = Security.framework; path = System/Library/Frameworks/Security.framework; sourceTree = SDKROOT; };
		F89B76631C7717E300757096 /* libz.1.2.5.tbd */ = {isa = PBXFileReference; lastKnownFileType = "sourcecode.text-based-dylib-definition"; name = libz.1.2.5.tbd; path = usr/lib/libz.1.2.5.tbd; sourceTree = SDKROOT; };
		F89B76701C771B0A00757096 /* Util.h */ = {isa = PBXFileReference; fileEncoding = 4; lastKnownFileType = sourcecode.c.h; name = Util.h; path = ASIFramework/Util.h; sourceTree = "<group>"; };
		F89B76711C771B0A00757096 /* Util.m */ = {isa = PBXFileReference; fileEncoding = 4; lastKnownFileType = sourcecode.c.objc; name = Util.m; path = ASIFramework/Util.m; sourceTree = "<group>"; };
		F89B76771C771D9100757096 /* MySingleton.h */ = {isa = PBXFileReference; fileEncoding = 4; lastKnownFileType = sourcecode.c.h; path = MySingleton.h; sourceTree = "<group>"; };
		F89B76781C771D9100757096 /* MySingleton.m */ = {isa = PBXFileReference; fileEncoding = 4; lastKnownFileType = sourcecode.c.objc; path = MySingleton.m; sourceTree = "<group>"; };
		FC1922671CA0D44000A941AE /* AFHTTPSessionManager.h */ = {isa = PBXFileReference; fileEncoding = 4; lastKnownFileType = sourcecode.c.h; path = AFHTTPSessionManager.h; sourceTree = "<group>"; };
		FC1922681CA0D44000A941AE /* AFHTTPSessionManager.m */ = {isa = PBXFileReference; fileEncoding = 4; lastKnownFileType = sourcecode.c.objc; path = AFHTTPSessionManager.m; sourceTree = "<group>"; };
		FC1922691CA0D44000A941AE /* AFNetworking.h */ = {isa = PBXFileReference; fileEncoding = 4; lastKnownFileType = sourcecode.c.h; path = AFNetworking.h; sourceTree = "<group>"; };
		FC19226A1CA0D44000A941AE /* AFNetworkReachabilityManager.h */ = {isa = PBXFileReference; fileEncoding = 4; lastKnownFileType = sourcecode.c.h; path = AFNetworkReachabilityManager.h; sourceTree = "<group>"; };
		FC19226B1CA0D44000A941AE /* AFNetworkReachabilityManager.m */ = {isa = PBXFileReference; fileEncoding = 4; lastKnownFileType = sourcecode.c.objc; path = AFNetworkReachabilityManager.m; sourceTree = "<group>"; };
		FC19226C1CA0D44000A941AE /* AFSecurityPolicy.h */ = {isa = PBXFileReference; fileEncoding = 4; lastKnownFileType = sourcecode.c.h; path = AFSecurityPolicy.h; sourceTree = "<group>"; };
		FC19226D1CA0D44000A941AE /* AFSecurityPolicy.m */ = {isa = PBXFileReference; fileEncoding = 4; lastKnownFileType = sourcecode.c.objc; path = AFSecurityPolicy.m; sourceTree = "<group>"; };
		FC19226E1CA0D44000A941AE /* AFURLRequestSerialization.h */ = {isa = PBXFileReference; fileEncoding = 4; lastKnownFileType = sourcecode.c.h; path = AFURLRequestSerialization.h; sourceTree = "<group>"; };
		FC19226F1CA0D44000A941AE /* AFURLRequestSerialization.m */ = {isa = PBXFileReference; fileEncoding = 4; lastKnownFileType = sourcecode.c.objc; path = AFURLRequestSerialization.m; sourceTree = "<group>"; };
		FC1922701CA0D44000A941AE /* AFURLResponseSerialization.h */ = {isa = PBXFileReference; fileEncoding = 4; lastKnownFileType = sourcecode.c.h; path = AFURLResponseSerialization.h; sourceTree = "<group>"; };
		FC1922711CA0D44000A941AE /* AFURLResponseSerialization.m */ = {isa = PBXFileReference; fileEncoding = 4; lastKnownFileType = sourcecode.c.objc; path = AFURLResponseSerialization.m; sourceTree = "<group>"; };
		FC1922721CA0D44000A941AE /* AFURLSessionManager.h */ = {isa = PBXFileReference; fileEncoding = 4; lastKnownFileType = sourcecode.c.h; path = AFURLSessionManager.h; sourceTree = "<group>"; };
		FC1922731CA0D44000A941AE /* AFURLSessionManager.m */ = {isa = PBXFileReference; fileEncoding = 4; lastKnownFileType = sourcecode.c.objc; path = AFURLSessionManager.m; sourceTree = "<group>"; };
		FC19227F1CA0DBC100A941AE /* mgservice.xcdatamodel */ = {isa = PBXFileReference; lastKnownFileType = wrapper.xcdatamodel; path = mgservice.xcdatamodel; sourceTree = "<group>"; };
		FC1922821CA10BDE00A941AE /* RequestNetWork.h */ = {isa = PBXFileReference; fileEncoding = 4; lastKnownFileType = sourcecode.c.h; path = RequestNetWork.h; sourceTree = "<group>"; };
		FC1922831CA10BDE00A941AE /* RequestNetWork.m */ = {isa = PBXFileReference; fileEncoding = 4; lastKnownFileType = sourcecode.c.objc; path = RequestNetWork.m; sourceTree = "<group>"; };
		FC1922851CA10FBF00A941AE /* BaseNetWorkViewController.h */ = {isa = PBXFileReference; fileEncoding = 4; lastKnownFileType = sourcecode.c.h; path = BaseNetWorkViewController.h; sourceTree = "<group>"; };
		FC1922861CA10FBF00A941AE /* BaseNetWorkViewController.m */ = {isa = PBXFileReference; fileEncoding = 4; lastKnownFileType = sourcecode.c.objc; path = BaseNetWorkViewController.m; sourceTree = "<group>"; };
		FC1A1D0D1C9FA16400D851A7 /* YWNetWork.h */ = {isa = PBXFileReference; fileEncoding = 4; lastKnownFileType = sourcecode.c.h; path = YWNetWork.h; sourceTree = "<group>"; };
		FC1A1D0E1C9FA16400D851A7 /* YWNetWork.m */ = {isa = PBXFileReference; fileEncoding = 4; lastKnownFileType = sourcecode.c.objc; path = YWNetWork.m; sourceTree = "<group>"; };
		FC1A1D131C9FBE7A00D851A7 /* Reachability.h */ = {isa = PBXFileReference; fileEncoding = 4; lastKnownFileType = sourcecode.c.h; path = Reachability.h; sourceTree = "<group>"; };
		FC1A1D141C9FBE7A00D851A7 /* Reachability.m */ = {isa = PBXFileReference; fileEncoding = 4; lastKnownFileType = sourcecode.c.objc; path = Reachability.m; sourceTree = "<group>"; };
/* End PBXFileReference section */

/* Begin PBXFrameworksBuildPhase section */
		D0CC73091C59B8DF00314355 /* Frameworks */ = {
			isa = PBXFrameworksBuildPhase;
			buildActionMask = 2147483647;
			files = (
				9C64A9B71CA382B8001DE397 /* libUMessage_Sdk_1.2.6.a in Frameworks */,
				F89B76641C7717E300757096 /* libz.1.2.5.tbd in Frameworks */,
				F89B765A1C77177200757096 /* Security.framework in Frameworks */,
				F89B76301C77138700757096 /* CFNetwork.framework in Frameworks */,
				F89B76281C770ADA00757096 /* UIKit.framework in Frameworks */,
				F89B76261C770AAA00757096 /* AVFoundation.framework in Frameworks */,
			);
			runOnlyForDeploymentPostprocessing = 0;
		};
/* End PBXFrameworksBuildPhase section */

/* Begin PBXGroup section */
		D06C01311C5B138700D242B1 /* MenuTask */ = {
			isa = PBXGroup;
			children = (
				D06C012E1C5B138300D242B1 /* MenuOrderController.h */,
				D06C012F1C5B138300D242B1 /* MenuOrderController.m */,
				D06C01281C5B136500D242B1 /* MenuItemCell.h */,
				D06C01291C5B136500D242B1 /* MenuItemCell.m */,
				D06C012B1C5B137200D242B1 /* MenuSectionCell.h */,
				D06C012C1C5B137200D242B1 /* MenuSectionCell.m */,
			);
			name = MenuTask;
			sourceTree = "<group>";
		};
		D06C01321C5B197A00D242B1 /* CallTask */ = {
			isa = PBXGroup;
			children = (
				D0CC733D1C59EB0F00314355 /* TaskCell.h */,
				D0CC733E1C59EB0F00314355 /* TaskCell.m */,
				D0CC73431C5A02DA00314355 /* InTaskController.h */,
				D0CC73441C5A02DA00314355 /* InTaskController.m */,
			);
			name = CallTask;
			sourceTree = "<group>";
		};
		D06C01331C5B198800D242B1 /* FinishTask */ = {
			isa = PBXGroup;
			children = (
				D06C01221C5B0A9300D242B1 /* FinishedController.h */,
				D06C01231C5B0A9300D242B1 /* FinishedController.m */,
				D06C01251C5B0CB300D242B1 /* FinishTaskCell.h */,
				D06C01261C5B0CB300D242B1 /* FinishTaskCell.m */,
			);
			name = FinishTask;
			sourceTree = "<group>";
		};
		D0CC73031C59B8DF00314355 = {
			isa = PBXGroup;
			children = (
				F89B76291C770BE600757096 /* Frameworks */,
				D0CC730E1C59B8E000314355 /* mgservice */,
				D0CC730D1C59B8E000314355 /* Products */,
			);
			sourceTree = "<group>";
		};
		D0CC730D1C59B8E000314355 /* Products */ = {
			isa = PBXGroup;
			children = (
				D0CC730C1C59B8E000314355 /* mgservice.app */,
			);
			name = Products;
			sourceTree = "<group>";
		};
		D0CC730E1C59B8E000314355 /* mgservice */ = {
			isa = PBXGroup;
			children = (
				D0CC73291C59B91E00314355 /* Database */,
				F89B76131C77050200757096 /* NetWork */,
				F89B75D51C76E1FB00757096 /* 3rd */,
				D0CC73181C59B8E000314355 /* Main.storyboard */,
				D0CC73201C59B8E000314355 /* LaunchScreen.storyboard */,
				D0CC73121C59B8E000314355 /* AppDelegate.h */,
				D0CC73131C59B8E000314355 /* AppDelegate.m */,
				D0CC733C1C59C1BE00314355 /* Login */,
				D06C01321C5B197A00D242B1 /* CallTask */,
				D06C01311C5B138700D242B1 /* MenuTask */,
				D06C01331C5B198800D242B1 /* FinishTask */,
				D0CC732A1C59C03800314355 /* MainViewController.h */,
				D0CC732B1C59C03800314355 /* MainViewController.m */,
				D0CC731E1C59B8E000314355 /* Assets.xcassets */,
				D0CC730F1C59B8E000314355 /* Supporting Files */,
			);
			path = mgservice;
			sourceTree = "<group>";
		};
		D0CC730F1C59B8E000314355 /* Supporting Files */ = {
			isa = PBXGroup;
			children = (
				D0CC73231C59B8E000314355 /* Info.plist */,
				D0CC73101C59B8E000314355 /* main.m */,
				F89B76201C7707AC00757096 /* CommonPrefix.pch */,
			);
			name = "Supporting Files";
			sourceTree = "<group>";
		};
		D0CC73291C59B91E00314355 /* Database */ = {
			isa = PBXGroup;
			children = (
				FC1922811CA0F1B200A941AE /* Objects */,
				F89B76171C77057900757096 /* DataManager.h */,
				F89B76181C77057900757096 /* DataManager.m */,
				F8234FC51C7AED88006A60FA /* DataManager+User.h */,
				F8234FC61C7AED88006A60FA /* DataManager+User.m */,
			);
			name = Database;
			sourceTree = "<group>";
		};
		D0CC733C1C59C1BE00314355 /* Login */ = {
			isa = PBXGroup;
			children = (
				D0CC732D1C59C0DD00314355 /* LoginViewController.h */,
				D0CC732E1C59C0DD00314355 /* LoginViewController.m */,
			);
			name = Login;
			sourceTree = "<group>";
		};
		F89B75D51C76E1FB00757096 /* 3rd */ = {
			isa = PBXGroup;
			children = (
				FC1A1CF91C9FA14C00D851A7 /* AFNetworking */,
				F89B761D1C7706A700757096 /* LCProgressHUD.h */,
				F89B761E1C7706A700757096 /* LCProgressHUD.m */,
				F89B76101C77024800757096 /* NSDictionary+AllKeytoLowerCase.h */,
				F89B76111C77024800757096 /* NSDictionary+AllKeytoLowerCase.m */,
				F89B76701C771B0A00757096 /* Util.h */,
				F89B76711C771B0A00757096 /* Util.m */,
				F89B76771C771D9100757096 /* MySingleton.h */,
				F89B76781C771D9100757096 /* MySingleton.m */,
				F84361F81C7C467A00320DE2 /* GCDAsyncUdpSocket.h */,
				F84361F91C7C467A00320DE2 /* GCDAsyncUdpSocket.m */,
				F89B75D61C76E23700757096 /* SPUserDefaultsManger.h */,
				F89B75D71C76E23700757096 /* SPUserDefaultsManger.m */,
			);
			name = 3rd;
			sourceTree = "<group>";
		};
		F89B76131C77050200757096 /* NetWork */ = {
			isa = PBXGroup;
			children = (
				FC1A1D131C9FBE7A00D851A7 /* Reachability.h */,
				FC1A1D141C9FBE7A00D851A7 /* Reachability.m */,
				FC1A1D0D1C9FA16400D851A7 /* YWNetWork.h */,
				FC1A1D0E1C9FA16400D851A7 /* YWNetWork.m */,
				FC1922821CA10BDE00A941AE /* RequestNetWork.h */,
				FC1922831CA10BDE00A941AE /* RequestNetWork.m */,
				FC1922851CA10FBF00A941AE /* BaseNetWorkViewController.h */,
				FC1922861CA10FBF00A941AE /* BaseNetWorkViewController.m */,
				F89B761A1C7705C900757096 /* NetWorkHelp.h */,
				F89B761B1C7705C900757096 /* NetWorkHelp.m */,
				F89B76141C77051B00757096 /* Parser.h */,
				F89B76151C77051B00757096 /* Parser.m */,
			);
			name = NetWork;
			sourceTree = "<group>";
		};
		F89B76291C770BE600757096 /* Frameworks */ = {
			isa = PBXGroup;
			children = (
				F89B76631C7717E300757096 /* libz.1.2.5.tbd */,
				9C64A9B81CA382C6001DE397 /* UMessage.h */,
				9C64A9B61CA382B8001DE397 /* libUMessage_Sdk_1.2.6.a */,
				F89B76591C77177200757096 /* Security.framework */,
				F89B762F1C77138700757096 /* CFNetwork.framework */,
				F89B76271C770ADA00757096 /* UIKit.framework */,
				F89B76251C770AAA00757096 /* AVFoundation.framework */,
			);
			name = Frameworks;
			sourceTree = "<group>";
		};
		FC1922811CA0F1B200A941AE /* Objects */ = {
			isa = PBXGroup;
			children = (
				F84362131C7C626B00320DE2 /* DBMessage.h */,
				F84362141C7C626B00320DE2 /* DBMessage.m */,
				F84362151C7C626B00320DE2 /* DBMessage+CoreDataProperties.h */,
				F84362161C7C626B00320DE2 /* DBMessage+CoreDataProperties.m */,
				F84362171C7C626B00320DE2 /* DBTaskList.h */,
				F84362181C7C626B00320DE2 /* DBTaskList.m */,
				F84362191C7C626B00320DE2 /* DBTaskList+CoreDataProperties.h */,
				F843621A1C7C626B00320DE2 /* DBTaskList+CoreDataProperties.m */,
				F843621B1C7C626B00320DE2 /* DBWaiterInfor.h */,
				F843621C1C7C626B00320DE2 /* DBWaiterInfor.m */,
				F843621D1C7C626B00320DE2 /* DBWaiterInfor+CoreDataProperties.h */,
				F843621E1C7C626B00320DE2 /* DBWaiterInfor+CoreDataProperties.m */,
				FC19227E1CA0DBC100A941AE /* mgservice.xcdatamodeld */,
			);
			name = Objects;
			sourceTree = "<group>";
		};
		FC1A1CF91C9FA14C00D851A7 /* AFNetworking */ = {
			isa = PBXGroup;
			children = (
				FC1922671CA0D44000A941AE /* AFHTTPSessionManager.h */,
				FC1922681CA0D44000A941AE /* AFHTTPSessionManager.m */,
				FC1922691CA0D44000A941AE /* AFNetworking.h */,
				FC19226A1CA0D44000A941AE /* AFNetworkReachabilityManager.h */,
				FC19226B1CA0D44000A941AE /* AFNetworkReachabilityManager.m */,
				FC19226C1CA0D44000A941AE /* AFSecurityPolicy.h */,
				FC19226D1CA0D44000A941AE /* AFSecurityPolicy.m */,
				FC19226E1CA0D44000A941AE /* AFURLRequestSerialization.h */,
				FC19226F1CA0D44000A941AE /* AFURLRequestSerialization.m */,
				FC1922701CA0D44000A941AE /* AFURLResponseSerialization.h */,
				FC1922711CA0D44000A941AE /* AFURLResponseSerialization.m */,
				FC1922721CA0D44000A941AE /* AFURLSessionManager.h */,
				FC1922731CA0D44000A941AE /* AFURLSessionManager.m */,
			);
			path = AFNetworking;
			sourceTree = "<group>";
		};
/* End PBXGroup section */

/* Begin PBXNativeTarget section */
		D0CC730B1C59B8DF00314355 /* mgservice */ = {
			isa = PBXNativeTarget;
			buildConfigurationList = D0CC73261C59B8E000314355 /* Build configuration list for PBXNativeTarget "mgservice" */;
			buildPhases = (
				D0CC73081C59B8DF00314355 /* Sources */,
				D0CC73091C59B8DF00314355 /* Frameworks */,
				D0CC730A1C59B8DF00314355 /* Resources */,
			);
			buildRules = (
			);
			dependencies = (
			);
			name = mgservice;
			productName = mgservice;
			productReference = D0CC730C1C59B8E000314355 /* mgservice.app */;
			productType = "com.apple.product-type.application";
		};
/* End PBXNativeTarget section */

/* Begin PBXProject section */
		D0CC73041C59B8DF00314355 /* Project object */ = {
			isa = PBXProject;
			attributes = {
				LastUpgradeCheck = 0720;
				ORGANIZATIONNAME = Suzic;
				TargetAttributes = {
					D0CC730B1C59B8DF00314355 = {
						CreatedOnToolsVersion = 7.2;
						DevelopmentTeam = 29HSV437NA;
					};
				};
			};
			buildConfigurationList = D0CC73071C59B8DF00314355 /* Build configuration list for PBXProject "mgservice" */;
			compatibilityVersion = "Xcode 3.2";
			developmentRegion = English;
			hasScannedForEncodings = 0;
			knownRegions = (
				en,
				Base,
			);
			mainGroup = D0CC73031C59B8DF00314355;
			productRefGroup = D0CC730D1C59B8E000314355 /* Products */;
			projectDirPath = "";
			projectRoot = "";
			targets = (
				D0CC730B1C59B8DF00314355 /* mgservice */,
			);
		};
/* End PBXProject section */

/* Begin PBXResourcesBuildPhase section */
		D0CC730A1C59B8DF00314355 /* Resources */ = {
			isa = PBXResourcesBuildPhase;
			buildActionMask = 2147483647;
			files = (
				D0CC73221C59B8E000314355 /* LaunchScreen.storyboard in Resources */,
				D0CC731F1C59B8E000314355 /* Assets.xcassets in Resources */,
				D0CC731A1C59B8E000314355 /* Main.storyboard in Resources */,
			);
			runOnlyForDeploymentPostprocessing = 0;
		};
/* End PBXResourcesBuildPhase section */

/* Begin PBXSourcesBuildPhase section */
		D0CC73081C59B8DF00314355 /* Sources */ = {
			isa = PBXSourcesBuildPhase;
			buildActionMask = 2147483647;
			files = (
				FC1A1D0F1C9FA16400D851A7 /* YWNetWork.m in Sources */,
				F84362231C7C626B00320DE2 /* DBWaiterInfor.m in Sources */,
				F84362221C7C626B00320DE2 /* DBTaskList+CoreDataProperties.m in Sources */,
				D06C012D1C5B137200D242B1 /* MenuSectionCell.m in Sources */,
				F84361FE1C7C467A00320DE2 /* GCDAsyncUdpSocket.m in Sources */,
				D0CC733F1C59EB0F00314355 /* TaskCell.m in Sources */,
				F89B761F1C7706A700757096 /* LCProgressHUD.m in Sources */,
				F89B75D81C76E23700757096 /* SPUserDefaultsManger.m in Sources */,
				FC1922841CA10BDE00A941AE /* RequestNetWork.m in Sources */,
				D0CC73451C5A02DA00314355 /* InTaskController.m in Sources */,
				FC1922791CA0D44000A941AE /* AFURLSessionManager.m in Sources */,
				FC1922741CA0D44000A941AE /* AFHTTPSessionManager.m in Sources */,
				D0CC73141C59B8E000314355 /* AppDelegate.m in Sources */,
				F8234FC71C7AED88006A60FA /* DataManager+User.m in Sources */,
				D0CC73111C59B8E000314355 /* main.m in Sources */,
				F84362241C7C626B00320DE2 /* DBWaiterInfor+CoreDataProperties.m in Sources */,
				D06C01241C5B0A9300D242B1 /* FinishedController.m in Sources */,
				F843621F1C7C626B00320DE2 /* DBMessage.m in Sources */,
				F89B76791C771D9100757096 /* MySingleton.m in Sources */,
				D0CC732C1C59C03800314355 /* MainViewController.m in Sources */,
				FC1922781CA0D44000A941AE /* AFURLResponseSerialization.m in Sources */,
				FC1922801CA0DBC100A941AE /* mgservice.xcdatamodeld in Sources */,
				F89B76121C77024800757096 /* NSDictionary+AllKeytoLowerCase.m in Sources */,
				D0CC732F1C59C0DD00314355 /* LoginViewController.m in Sources */,
				D06C01301C5B138300D242B1 /* MenuOrderController.m in Sources */,
				FC1922751CA0D44000A941AE /* AFNetworkReachabilityManager.m in Sources */,
				D06C01271C5B0CB300D242B1 /* FinishTaskCell.m in Sources */,
				F89B76731C771B0A00757096 /* Util.m in Sources */,
				F89B761C1C7705C900757096 /* NetWorkHelp.m in Sources */,
				FC1A1D151C9FBE7A00D851A7 /* Reachability.m in Sources */,
				F89B76161C77051B00757096 /* Parser.m in Sources */,
				F84362211C7C626B00320DE2 /* DBTaskList.m in Sources */,
				FC1922771CA0D44000A941AE /* AFURLRequestSerialization.m in Sources */,
				FC1922871CA10FBF00A941AE /* BaseNetWorkViewController.m in Sources */,
				F89B76191C77057900757096 /* DataManager.m in Sources */,
				F84362201C7C626B00320DE2 /* DBMessage+CoreDataProperties.m in Sources */,
				FC1922761CA0D44000A941AE /* AFSecurityPolicy.m in Sources */,
				D06C012A1C5B136500D242B1 /* MenuItemCell.m in Sources */,
			);
			runOnlyForDeploymentPostprocessing = 0;
		};
/* End PBXSourcesBuildPhase section */

/* Begin PBXVariantGroup section */
		D0CC73181C59B8E000314355 /* Main.storyboard */ = {
			isa = PBXVariantGroup;
			children = (
				D0CC73191C59B8E000314355 /* Base */,
			);
			name = Main.storyboard;
			sourceTree = "<group>";
		};
		D0CC73201C59B8E000314355 /* LaunchScreen.storyboard */ = {
			isa = PBXVariantGroup;
			children = (
				D0CC73211C59B8E000314355 /* Base */,
			);
			name = LaunchScreen.storyboard;
			sourceTree = "<group>";
		};
/* End PBXVariantGroup section */

/* Begin XCBuildConfiguration section */
		D0CC73241C59B8E000314355 /* Debug */ = {
			isa = XCBuildConfiguration;
			buildSettings = {
				ALWAYS_SEARCH_USER_PATHS = NO;
				CLANG_CXX_LANGUAGE_STANDARD = "gnu++0x";
				CLANG_CXX_LIBRARY = "libc++";
				CLANG_ENABLE_MODULES = YES;
				CLANG_ENABLE_OBJC_ARC = YES;
				CLANG_WARN_BOOL_CONVERSION = YES;
				CLANG_WARN_CONSTANT_CONVERSION = YES;
				CLANG_WARN_DIRECT_OBJC_ISA_USAGE = YES_ERROR;
				CLANG_WARN_EMPTY_BODY = YES;
				CLANG_WARN_ENUM_CONVERSION = YES;
				CLANG_WARN_INT_CONVERSION = YES;
				CLANG_WARN_OBJC_ROOT_CLASS = YES_ERROR;
				CLANG_WARN_UNREACHABLE_CODE = YES;
				CLANG_WARN__DUPLICATE_METHOD_MATCH = YES;
				"CODE_SIGN_IDENTITY[sdk=iphoneos*]" = "iPhone Developer";
				COPY_PHASE_STRIP = NO;
				DEBUG_INFORMATION_FORMAT = dwarf;
				ENABLE_STRICT_OBJC_MSGSEND = YES;
				ENABLE_TESTABILITY = YES;
				GCC_C_LANGUAGE_STANDARD = c99;
				GCC_DYNAMIC_NO_PIC = NO;
				GCC_NO_COMMON_BLOCKS = YES;
				GCC_OPTIMIZATION_LEVEL = 0;
				GCC_PREPROCESSOR_DEFINITIONS = (
					"DEBUG=1",
					"$(inherited)",
				);
				GCC_WARN_64_TO_32_BIT_CONVERSION = YES;
				GCC_WARN_ABOUT_RETURN_TYPE = YES_ERROR;
				GCC_WARN_UNDECLARED_SELECTOR = YES;
				GCC_WARN_UNINITIALIZED_AUTOS = YES_AGGRESSIVE;
				GCC_WARN_UNUSED_FUNCTION = YES;
				GCC_WARN_UNUSED_VARIABLE = YES;
				IPHONEOS_DEPLOYMENT_TARGET = 9.2;
				MTL_ENABLE_DEBUG_INFO = YES;
				ONLY_ACTIVE_ARCH = YES;
				SDKROOT = iphoneos;
				TARGETED_DEVICE_FAMILY = "1,2";
			};
			name = Debug;
		};
		D0CC73251C59B8E000314355 /* Release */ = {
			isa = XCBuildConfiguration;
			buildSettings = {
				ALWAYS_SEARCH_USER_PATHS = NO;
				CLANG_CXX_LANGUAGE_STANDARD = "gnu++0x";
				CLANG_CXX_LIBRARY = "libc++";
				CLANG_ENABLE_MODULES = YES;
				CLANG_ENABLE_OBJC_ARC = YES;
				CLANG_WARN_BOOL_CONVERSION = YES;
				CLANG_WARN_CONSTANT_CONVERSION = YES;
				CLANG_WARN_DIRECT_OBJC_ISA_USAGE = YES_ERROR;
				CLANG_WARN_EMPTY_BODY = YES;
				CLANG_WARN_ENUM_CONVERSION = YES;
				CLANG_WARN_INT_CONVERSION = YES;
				CLANG_WARN_OBJC_ROOT_CLASS = YES_ERROR;
				CLANG_WARN_UNREACHABLE_CODE = YES;
				CLANG_WARN__DUPLICATE_METHOD_MATCH = YES;
				"CODE_SIGN_IDENTITY[sdk=iphoneos*]" = "iPhone Developer";
				COPY_PHASE_STRIP = NO;
				DEBUG_INFORMATION_FORMAT = "dwarf-with-dsym";
				ENABLE_NS_ASSERTIONS = NO;
				ENABLE_STRICT_OBJC_MSGSEND = YES;
				GCC_C_LANGUAGE_STANDARD = c99;
				GCC_NO_COMMON_BLOCKS = YES;
				GCC_WARN_64_TO_32_BIT_CONVERSION = YES;
				GCC_WARN_ABOUT_RETURN_TYPE = YES_ERROR;
				GCC_WARN_UNDECLARED_SELECTOR = YES;
				GCC_WARN_UNINITIALIZED_AUTOS = YES_AGGRESSIVE;
				GCC_WARN_UNUSED_FUNCTION = YES;
				GCC_WARN_UNUSED_VARIABLE = YES;
				IPHONEOS_DEPLOYMENT_TARGET = 9.2;
				MTL_ENABLE_DEBUG_INFO = NO;
				SDKROOT = iphoneos;
				TARGETED_DEVICE_FAMILY = "1,2";
				VALIDATE_PRODUCT = YES;
			};
			name = Release;
		};
		D0CC73271C59B8E000314355 /* Debug */ = {
			isa = XCBuildConfiguration;
			buildSettings = {
				ASSETCATALOG_COMPILER_APPICON_NAME = AppIcon;
				CODE_SIGN_IDENTITY = "iPhone Developer";
				"CODE_SIGN_IDENTITY[sdk=iphoneos*]" = "iPhone Developer";
				FRAMEWORK_SEARCH_PATHS = (
					"$(inherited)",
					"$(PROJECT_DIR)",
				);
				GCC_PRECOMPILE_PREFIX_HEADER = YES;
				GCC_PREFIX_HEADER = mgservice/CommonPrefix.pch;
				INFOPLIST_FILE = mgservice/Info.plist;
				IPHONEOS_DEPLOYMENT_TARGET = 8.0;
				LD_RUNPATH_SEARCH_PATHS = "$(inherited) @executable_path/Frameworks";
				LIBRARY_SEARCH_PATHS = (
					"$(inherited)",
					"$(PROJECT_DIR)",
				);
				PRODUCT_BUNDLE_IDENTIFIER = com.suzic.waiter;
				PRODUCT_NAME = "$(TARGET_NAME)";
				PROVISIONING_PROFILE = "";
			};
			name = Debug;
		};
		D0CC73281C59B8E000314355 /* Release */ = {
			isa = XCBuildConfiguration;
			buildSettings = {
				ASSETCATALOG_COMPILER_APPICON_NAME = AppIcon;
				CODE_SIGN_IDENTITY = "iPhone Developer";
				"CODE_SIGN_IDENTITY[sdk=iphoneos*]" = "iPhone Developer";
				FRAMEWORK_SEARCH_PATHS = (
					"$(inherited)",
					"$(PROJECT_DIR)",
				);
				GCC_PRECOMPILE_PREFIX_HEADER = YES;
				GCC_PREFIX_HEADER = mgservice/CommonPrefix.pch;
				INFOPLIST_FILE = mgservice/Info.plist;
				IPHONEOS_DEPLOYMENT_TARGET = 8.0;
				LD_RUNPATH_SEARCH_PATHS = "$(inherited) @executable_path/Frameworks";
				LIBRARY_SEARCH_PATHS = (
					"$(inherited)",
					"$(PROJECT_DIR)",
				);
				PRODUCT_BUNDLE_IDENTIFIER = com.suzic.waiter;
				PRODUCT_NAME = "$(TARGET_NAME)";
				PROVISIONING_PROFILE = "";
			};
			name = Release;
		};
/* End XCBuildConfiguration section */

/* Begin XCConfigurationList section */
		D0CC73071C59B8DF00314355 /* Build configuration list for PBXProject "mgservice" */ = {
			isa = XCConfigurationList;
			buildConfigurations = (
				D0CC73241C59B8E000314355 /* Debug */,
				D0CC73251C59B8E000314355 /* Release */,
			);
			defaultConfigurationIsVisible = 0;
			defaultConfigurationName = Release;
		};
		D0CC73261C59B8E000314355 /* Build configuration list for PBXNativeTarget "mgservice" */ = {
			isa = XCConfigurationList;
			buildConfigurations = (
				D0CC73271C59B8E000314355 /* Debug */,
				D0CC73281C59B8E000314355 /* Release */,
			);
			defaultConfigurationIsVisible = 0;
			defaultConfigurationName = Release;
		};
/* End XCConfigurationList section */

/* Begin XCVersionGroup section */
		FC19227E1CA0DBC100A941AE /* mgservice.xcdatamodeld */ = {
			isa = XCVersionGroup;
			children = (
				FC19227F1CA0DBC100A941AE /* mgservice.xcdatamodel */,
			);
			currentVersion = FC19227F1CA0DBC100A941AE /* mgservice.xcdatamodel */;
			path = mgservice.xcdatamodeld;
			sourceTree = "<group>";
			versionGroupType = wrapper.xcdatamodel;
		};
/* End XCVersionGroup section */
	};
	rootObject = D0CC73041C59B8DF00314355 /* Project object */;
}
